// !$*UTF8*$!
{
	archiveVersion = 1;
	classes = {
	};
	objectVersion = 56;
	objects = {

/* Begin PBXBuildFile section */
		2704026B2BDC0682001877BA /* CarouselApp.swift in Sources */ = {isa = PBXBuildFile; fileRef = 2704026A2BDC0682001877BA /* CarouselApp.swift */; };
		2704026D2BDC0682001877BA /* ContentView.swift in Sources */ = {isa = PBXBuildFile; fileRef = 2704026C2BDC0682001877BA /* ContentView.swift */; };
		2704026F2BDC0682001877BA /* Assets.xcassets in Resources */ = {isa = PBXBuildFile; fileRef = 2704026E2BDC0682001877BA /* Assets.xcassets */; };
		270402722BDC0682001877BA /* Preview Assets.xcassets in Resources */ = {isa = PBXBuildFile; fileRef = 270402712BDC0682001877BA /* Preview Assets.xcassets */; };
		270402792BDCE242001877BA /* PlayView.swift in Sources */ = {isa = PBXBuildFile; fileRef = 270402782BDCE242001877BA /* PlayView.swift */; };
		713E51792BE1D82000D35971 /* ViewController.swift in Sources */ = {isa = PBXBuildFile; fileRef = 713E51782BE1D82000D35971 /* ViewController.swift */; };
		713E517D2BE1DE1700D35971 /* Main.storyboard in Resources */ = {isa = PBXBuildFile; fileRef = 713E517C2BE1DE1700D35971 /* Main.storyboard */; };
		713E51802BE1F85900D35971 /* art.scnassets in Resources */ = {isa = PBXBuildFile; fileRef = 713E517F2BE1F85900D35971 /* art.scnassets */; };
		713E51822BE20A2100D35971 /* twinkle-sound-effect.mpeg in Resources */ = {isa = PBXBuildFile; fileRef = 713E51812BE20A2100D35971 /* twinkle-sound-effect.mpeg */; };
		713E51842BE33E1200D35971 /* SplashScreenView.swift in Sources */ = {isa = PBXBuildFile; fileRef = 713E51832BE33E1200D35971 /* SplashScreenView.swift */; };
		713E51882BE3475F00D35971 /* HistoryPage.swift in Sources */ = {isa = PBXBuildFile; fileRef = 713E51852BE3475F00D35971 /* HistoryPage.swift */; };
		713E51892BE3475F00D35971 /* Atom.swift in Sources */ = {isa = PBXBuildFile; fileRef = 713E51862BE3475F00D35971 /* Atom.swift */; };
		713E518A2BE3475F00D35971 /* PeriodicCard.swift in Sources */ = {isa = PBXBuildFile; fileRef = 713E51872BE3475F00D35971 /* PeriodicCard.swift */; };
/* End PBXBuildFile section */

/* Begin PBXFileReference section */
		270402672BDC0682001877BA /* Carousel.app */ = {isa = PBXFileReference; explicitFileType = wrapper.application; includeInIndex = 0; path = Carousel.app; sourceTree = BUILT_PRODUCTS_DIR; };
		2704026A2BDC0682001877BA /* CarouselApp.swift */ = {isa = PBXFileReference; lastKnownFileType = sourcecode.swift; path = CarouselApp.swift; sourceTree = "<group>"; };
		2704026C2BDC0682001877BA /* ContentView.swift */ = {isa = PBXFileReference; lastKnownFileType = sourcecode.swift; path = ContentView.swift; sourceTree = "<group>"; };
		2704026E2BDC0682001877BA /* Assets.xcassets */ = {isa = PBXFileReference; lastKnownFileType = folder.assetcatalog; path = Assets.xcassets; sourceTree = "<group>"; };
		270402712BDC0682001877BA /* Preview Assets.xcassets */ = {isa = PBXFileReference; lastKnownFileType = folder.assetcatalog; path = "Preview Assets.xcassets"; sourceTree = "<group>"; };
		270402782BDCE242001877BA /* PlayView.swift */ = {isa = PBXFileReference; lastKnownFileType = sourcecode.swift; path = PlayView.swift; sourceTree = "<group>"; };
		713E51782BE1D82000D35971 /* ViewController.swift */ = {isa = PBXFileReference; lastKnownFileType = sourcecode.swift; path = ViewController.swift; sourceTree = "<group>"; };
		713E517C2BE1DE1700D35971 /* Main.storyboard */ = {isa = PBXFileReference; fileEncoding = 4; lastKnownFileType = file.storyboard; path = Main.storyboard; sourceTree = "<group>"; };
		713E517E2BE1E35F00D35971 /* Info.plist */ = {isa = PBXFileReference; lastKnownFileType = text.plist; path = Info.plist; sourceTree = "<group>"; };
		713E517F2BE1F85900D35971 /* art.scnassets */ = {isa = PBXFileReference; lastKnownFileType = wrapper.scnassets; path = art.scnassets; sourceTree = "<group>"; };
		713E51812BE20A2100D35971 /* twinkle-sound-effect.mpeg */ = {isa = PBXFileReference; lastKnownFileType = video.mpeg; path = "twinkle-sound-effect.mpeg"; sourceTree = "<group>"; };
		713E51832BE33E1200D35971 /* SplashScreenView.swift */ = {isa = PBXFileReference; fileEncoding = 4; lastKnownFileType = sourcecode.swift; path = SplashScreenView.swift; sourceTree = "<group>"; };
		713E51852BE3475F00D35971 /* HistoryPage.swift */ = {isa = PBXFileReference; fileEncoding = 4; lastKnownFileType = sourcecode.swift; path = HistoryPage.swift; sourceTree = "<group>"; };
		713E51862BE3475F00D35971 /* Atom.swift */ = {isa = PBXFileReference; fileEncoding = 4; lastKnownFileType = sourcecode.swift; path = Atom.swift; sourceTree = "<group>"; };
		713E51872BE3475F00D35971 /* PeriodicCard.swift */ = {isa = PBXFileReference; fileEncoding = 4; lastKnownFileType = sourcecode.swift; path = PeriodicCard.swift; sourceTree = "<group>"; };
/* End PBXFileReference section */

/* Begin PBXFrameworksBuildPhase section */
		270402642BDC0682001877BA /* Frameworks */ = {
			isa = PBXFrameworksBuildPhase;
			buildActionMask = 2147483647;
			files = (
			);
			runOnlyForDeploymentPostprocessing = 0;
		};
/* End PBXFrameworksBuildPhase section */

/* Begin PBXGroup section */
		2704025E2BDC0682001877BA = {
			isa = PBXGroup;
			children = (
				270402692BDC0682001877BA /* Carousel */,
				270402682BDC0682001877BA /* Products */,
			);
			sourceTree = "<group>";
		};
		270402682BDC0682001877BA /* Products */ = {
			isa = PBXGroup;
			children = (
				270402672BDC0682001877BA /* Carousel.app */,
			);
			name = Products;
			sourceTree = "<group>";
		};
		270402692BDC0682001877BA /* Carousel */ = {
			isa = PBXGroup;
			children = (
				713E518E2BE34A1300D35971 /* Sound Assets */,
				713E518D2BE3496E00D35971 /* Component */,
				713E518C2BE3494800D35971 /* Model */,
				713E518B2BE348EC00D35971 /* Screen */,
				713E517E2BE1E35F00D35971 /* Info.plist */,
				2704026E2BDC0682001877BA /* Assets.xcassets */,
				270402702BDC0682001877BA /* Preview Content */,
				713E517C2BE1DE1700D35971 /* Main.storyboard */,
				713E517F2BE1F85900D35971 /* art.scnassets */,
			);
			path = Carousel;
			sourceTree = "<group>";
		};
		270402702BDC0682001877BA /* Preview Content */ = {
			isa = PBXGroup;
			children = (
				270402712BDC0682001877BA /* Preview Assets.xcassets */,
			);
			path = "Preview Content";
			sourceTree = "<group>";
		};
		713E518B2BE348EC00D35971 /* Screen */ = {
			isa = PBXGroup;
			children = (
				713E51782BE1D82000D35971 /* ViewController.swift */,
				713E51832BE33E1200D35971 /* SplashScreenView.swift */,
				270402782BDCE242001877BA /* PlayView.swift */,
				2704026A2BDC0682001877BA /* CarouselApp.swift */,
				2704026C2BDC0682001877BA /* ContentView.swift */,
				713E51852BE3475F00D35971 /* HistoryPage.swift */,
			);
			path = Screen;
			sourceTree = "<group>";
		};
		713E518C2BE3494800D35971 /* Model */ = {
			isa = PBXGroup;
			children = (
				713E51862BE3475F00D35971 /* Atom.swift */,
			);
			path = Model;
			sourceTree = "<group>";
		};
		713E518D2BE3496E00D35971 /* Component */ = {
			isa = PBXGroup;
			children = (
				713E51872BE3475F00D35971 /* PeriodicCard.swift */,
			);
			path = Component;
			sourceTree = "<group>";
		};
		713E518E2BE34A1300D35971 /* Sound Assets */ = {
			isa = PBXGroup;
			children = (
				713E51812BE20A2100D35971 /* twinkle-sound-effect.mpeg */,
			);
			path = "Sound Assets";
			sourceTree = "<group>";
		};
/* End PBXGroup section */

/* Begin PBXNativeTarget section */
		270402662BDC0682001877BA /* Carousel */ = {
			isa = PBXNativeTarget;
			buildConfigurationList = 270402752BDC0682001877BA /* Build configuration list for PBXNativeTarget "Carousel" */;
			buildPhases = (
				270402632BDC0682001877BA /* Sources */,
				270402642BDC0682001877BA /* Frameworks */,
				270402652BDC0682001877BA /* Resources */,
			);
			buildRules = (
			);
			dependencies = (
			);
			name = Carousel;
			productName = Carousel;
			productReference = 270402672BDC0682001877BA /* Carousel.app */;
			productType = "com.apple.product-type.application";
		};
/* End PBXNativeTarget section */

/* Begin PBXProject section */
		2704025F2BDC0682001877BA /* Project object */ = {
			isa = PBXProject;
			attributes = {
				BuildIndependentTargetsInParallel = 1;
				LastSwiftUpdateCheck = 1530;
				LastUpgradeCheck = 1530;
				TargetAttributes = {
					270402662BDC0682001877BA = {
						CreatedOnToolsVersion = 15.3;
					};
				};
			};
			buildConfigurationList = 270402622BDC0682001877BA /* Build configuration list for PBXProject "Carousel" */;
			compatibilityVersion = "Xcode 14.0";
			developmentRegion = en;
			hasScannedForEncodings = 0;
			knownRegions = (
				en,
				Base,
			);
			mainGroup = 2704025E2BDC0682001877BA;
			productRefGroup = 270402682BDC0682001877BA /* Products */;
			projectDirPath = "";
			projectRoot = "";
			targets = (
				270402662BDC0682001877BA /* Carousel */,
			);
		};
/* End PBXProject section */

/* Begin PBXResourcesBuildPhase section */
		270402652BDC0682001877BA /* Resources */ = {
			isa = PBXResourcesBuildPhase;
			buildActionMask = 2147483647;
			files = (
				713E51822BE20A2100D35971 /* twinkle-sound-effect.mpeg in Resources */,
				713E517D2BE1DE1700D35971 /* Main.storyboard in Resources */,
				713E51802BE1F85900D35971 /* art.scnassets in Resources */,
				270402722BDC0682001877BA /* Preview Assets.xcassets in Resources */,
				2704026F2BDC0682001877BA /* Assets.xcassets in Resources */,
			);
			runOnlyForDeploymentPostprocessing = 0;
		};
/* End PBXResourcesBuildPhase section */

/* Begin PBXSourcesBuildPhase section */
		270402632BDC0682001877BA /* Sources */ = {
			isa = PBXSourcesBuildPhase;
			buildActionMask = 2147483647;
			files = (
				270402792BDCE242001877BA /* PlayView.swift in Sources */,
				2704026D2BDC0682001877BA /* ContentView.swift in Sources */,
				713E51842BE33E1200D35971 /* SplashScreenView.swift in Sources */,
				713E51882BE3475F00D35971 /* HistoryPage.swift in Sources */,
				713E51792BE1D82000D35971 /* ViewController.swift in Sources */,
				713E51892BE3475F00D35971 /* Atom.swift in Sources */,
				713E518A2BE3475F00D35971 /* PeriodicCard.swift in Sources */,
				2704026B2BDC0682001877BA /* CarouselApp.swift in Sources */,
			);
			runOnlyForDeploymentPostprocessing = 0;
		};
/* End PBXSourcesBuildPhase section */

/* Begin XCBuildConfiguration section */
		270402732BDC0682001877BA /* Debug */ = {
			isa = XCBuildConfiguration;
			buildSettings = {
				ALWAYS_SEARCH_USER_PATHS = NO;
				ASSETCATALOG_COMPILER_GENERATE_SWIFT_ASSET_SYMBOL_EXTENSIONS = YES;
				CLANG_ANALYZER_NONNULL = YES;
				CLANG_ANALYZER_NUMBER_OBJECT_CONVERSION = YES_AGGRESSIVE;
				CLANG_CXX_LANGUAGE_STANDARD = "gnu++20";
				CLANG_ENABLE_MODULES = YES;
				CLANG_ENABLE_OBJC_ARC = YES;
				CLANG_ENABLE_OBJC_WEAK = YES;
				CLANG_WARN_BLOCK_CAPTURE_AUTORELEASING = YES;
				CLANG_WARN_BOOL_CONVERSION = YES;
				CLANG_WARN_COMMA = YES;
				CLANG_WARN_CONSTANT_CONVERSION = YES;
				CLANG_WARN_DEPRECATED_OBJC_IMPLEMENTATIONS = YES;
				CLANG_WARN_DIRECT_OBJC_ISA_USAGE = YES_ERROR;
				CLANG_WARN_DOCUMENTATION_COMMENTS = YES;
				CLANG_WARN_EMPTY_BODY = YES;
				CLANG_WARN_ENUM_CONVERSION = YES;
				CLANG_WARN_INFINITE_RECURSION = YES;
				CLANG_WARN_INT_CONVERSION = YES;
				CLANG_WARN_NON_LITERAL_NULL_CONVERSION = YES;
				CLANG_WARN_OBJC_IMPLICIT_RETAIN_SELF = YES;
				CLANG_WARN_OBJC_LITERAL_CONVERSION = YES;
				CLANG_WARN_OBJC_ROOT_CLASS = YES_ERROR;
				CLANG_WARN_QUOTED_INCLUDE_IN_FRAMEWORK_HEADER = YES;
				CLANG_WARN_RANGE_LOOP_ANALYSIS = YES;
				CLANG_WARN_STRICT_PROTOTYPES = YES;
				CLANG_WARN_SUSPICIOUS_MOVE = YES;
				CLANG_WARN_UNGUARDED_AVAILABILITY = YES_AGGRESSIVE;
				CLANG_WARN_UNREACHABLE_CODE = YES;
				CLANG_WARN__DUPLICATE_METHOD_MATCH = YES;
				COPY_PHASE_STRIP = NO;
				DEBUG_INFORMATION_FORMAT = dwarf;
				ENABLE_STRICT_OBJC_MSGSEND = YES;
				ENABLE_TESTABILITY = YES;
				ENABLE_USER_SCRIPT_SANDBOXING = YES;
				GCC_C_LANGUAGE_STANDARD = gnu17;
				GCC_DYNAMIC_NO_PIC = NO;
				GCC_NO_COMMON_BLOCKS = YES;
				GCC_OPTIMIZATION_LEVEL = 0;
				GCC_PREPROCESSOR_DEFINITIONS = (
					"DEBUG=1",
					"$(inherited)",
				);
				GCC_WARN_64_TO_32_BIT_CONVERSION = YES;
				GCC_WARN_ABOUT_RETURN_TYPE = YES_ERROR;
				GCC_WARN_UNDECLARED_SELECTOR = YES;
				GCC_WARN_UNINITIALIZED_AUTOS = YES_AGGRESSIVE;
				GCC_WARN_UNUSED_FUNCTION = YES;
				GCC_WARN_UNUSED_VARIABLE = YES;
				IPHONEOS_DEPLOYMENT_TARGET = 17.4;
				LOCALIZATION_PREFERS_STRING_CATALOGS = YES;
				MTL_ENABLE_DEBUG_INFO = INCLUDE_SOURCE;
				MTL_FAST_MATH = YES;
				ONLY_ACTIVE_ARCH = YES;
				SDKROOT = iphoneos;
				SWIFT_ACTIVE_COMPILATION_CONDITIONS = "DEBUG $(inherited)";
				SWIFT_OPTIMIZATION_LEVEL = "-Onone";
			};
			name = Debug;
		};
		270402742BDC0682001877BA /* Release */ = {
			isa = XCBuildConfiguration;
			buildSettings = {
				ALWAYS_SEARCH_USER_PATHS = NO;
				ASSETCATALOG_COMPILER_GENERATE_SWIFT_ASSET_SYMBOL_EXTENSIONS = YES;
				CLANG_ANALYZER_NONNULL = YES;
				CLANG_ANALYZER_NUMBER_OBJECT_CONVERSION = YES_AGGRESSIVE;
				CLANG_CXX_LANGUAGE_STANDARD = "gnu++20";
				CLANG_ENABLE_MODULES = YES;
				CLANG_ENABLE_OBJC_ARC = YES;
				CLANG_ENABLE_OBJC_WEAK = YES;
				CLANG_WARN_BLOCK_CAPTURE_AUTORELEASING = YES;
				CLANG_WARN_BOOL_CONVERSION = YES;
				CLANG_WARN_COMMA = YES;
				CLANG_WARN_CONSTANT_CONVERSION = YES;
				CLANG_WARN_DEPRECATED_OBJC_IMPLEMENTATIONS = YES;
				CLANG_WARN_DIRECT_OBJC_ISA_USAGE = YES_ERROR;
				CLANG_WARN_DOCUMENTATION_COMMENTS = YES;
				CLANG_WARN_EMPTY_BODY = YES;
				CLANG_WARN_ENUM_CONVERSION = YES;
				CLANG_WARN_INFINITE_RECURSION = YES;
				CLANG_WARN_INT_CONVERSION = YES;
				CLANG_WARN_NON_LITERAL_NULL_CONVERSION = YES;
				CLANG_WARN_OBJC_IMPLICIT_RETAIN_SELF = YES;
				CLANG_WARN_OBJC_LITERAL_CONVERSION = YES;
				CLANG_WARN_OBJC_ROOT_CLASS = YES_ERROR;
				CLANG_WARN_QUOTED_INCLUDE_IN_FRAMEWORK_HEADER = YES;
				CLANG_WARN_RANGE_LOOP_ANALYSIS = YES;
				CLANG_WARN_STRICT_PROTOTYPES = YES;
				CLANG_WARN_SUSPICIOUS_MOVE = YES;
				CLANG_WARN_UNGUARDED_AVAILABILITY = YES_AGGRESSIVE;
				CLANG_WARN_UNREACHABLE_CODE = YES;
				CLANG_WARN__DUPLICATE_METHOD_MATCH = YES;
				COPY_PHASE_STRIP = NO;
				DEBUG_INFORMATION_FORMAT = "dwarf-with-dsym";
				ENABLE_NS_ASSERTIONS = NO;
				ENABLE_STRICT_OBJC_MSGSEND = YES;
				ENABLE_USER_SCRIPT_SANDBOXING = YES;
				GCC_C_LANGUAGE_STANDARD = gnu17;
				GCC_NO_COMMON_BLOCKS = YES;
				GCC_WARN_64_TO_32_BIT_CONVERSION = YES;
				GCC_WARN_ABOUT_RETURN_TYPE = YES_ERROR;
				GCC_WARN_UNDECLARED_SELECTOR = YES;
				GCC_WARN_UNINITIALIZED_AUTOS = YES_AGGRESSIVE;
				GCC_WARN_UNUSED_FUNCTION = YES;
				GCC_WARN_UNUSED_VARIABLE = YES;
				IPHONEOS_DEPLOYMENT_TARGET = 17.4;
				LOCALIZATION_PREFERS_STRING_CATALOGS = YES;
				MTL_ENABLE_DEBUG_INFO = NO;
				MTL_FAST_MATH = YES;
				SDKROOT = iphoneos;
				SWIFT_COMPILATION_MODE = wholemodule;
				VALIDATE_PRODUCT = YES;
			};
			name = Release;
		};
		270402762BDC0682001877BA /* Debug */ = {
			isa = XCBuildConfiguration;
			buildSettings = {
				ASSETCATALOG_COMPILER_APPICON_NAME = AppIcon;
				ASSETCATALOG_COMPILER_GLOBAL_ACCENT_COLOR_NAME = AccentColor;
				CODE_SIGN_STYLE = Automatic;
				CURRENT_PROJECT_VERSION = 1;
				DEVELOPMENT_ASSET_PATHS = "\"Carousel/Preview Content\"";
				DEVELOPMENT_TEAM = 9CXPD89H8W;
				ENABLE_PREVIEWS = YES;
				GENERATE_INFOPLIST_FILE = YES;
				INFOPLIST_FILE = Carousel/Info.plist;
				INFOPLIST_KEY_NSCameraUsageDescription = "";
				INFOPLIST_KEY_UIApplicationSceneManifest_Generation = YES;
				INFOPLIST_KEY_UIApplicationSupportsIndirectInputEvents = YES;
				INFOPLIST_KEY_UILaunchScreen_Generation = YES;
				INFOPLIST_KEY_UISupportedInterfaceOrientations_iPad = "UIInterfaceOrientationPortrait UIInterfaceOrientationPortraitUpsideDown UIInterfaceOrientationLandscapeLeft UIInterfaceOrientationLandscapeRight";
				INFOPLIST_KEY_UISupportedInterfaceOrientations_iPhone = "UIInterfaceOrientationPortrait UIInterfaceOrientationLandscapeLeft UIInterfaceOrientationLandscapeRight";
				LD_RUNPATH_SEARCH_PATHS = (
					"$(inherited)",
					"@executable_path/Frameworks",
				);
				MARKETING_VERSION = 1.0;
				PRODUCT_BUNDLE_IDENTIFIER = chemistryApp.Carousel;
				PRODUCT_NAME = "$(TARGET_NAME)";
				SWIFT_EMIT_LOC_STRINGS = YES;
				SWIFT_VERSION = 5.0;
				TARGETED_DEVICE_FAMILY = "1,2";
			};
			name = Debug;
		};
		270402772BDC0682001877BA /* Release */ = {
			isa = XCBuildConfiguration;
			buildSettings = {
				ASSETCATALOG_COMPILER_APPICON_NAME = AppIcon;
				ASSETCATALOG_COMPILER_GLOBAL_ACCENT_COLOR_NAME = AccentColor;
				CODE_SIGN_STYLE = Automatic;
				CURRENT_PROJECT_VERSION = 1;
				DEVELOPMENT_ASSET_PATHS = "\"Carousel/Preview Content\"";
				DEVELOPMENT_TEAM = 9CXPD89H8W;
				ENABLE_PREVIEWS = YES;
				GENERATE_INFOPLIST_FILE = YES;
				INFOPLIST_FILE = Carousel/Info.plist;
				INFOPLIST_KEY_NSCameraUsageDescription = "";
				INFOPLIST_KEY_UIApplicationSceneManifest_Generation = YES;
				INFOPLIST_KEY_UIApplicationSupportsIndirectInputEvents = YES;
				INFOPLIST_KEY_UILaunchScreen_Generation = YES;
				INFOPLIST_KEY_UISupportedInterfaceOrientations_iPad = "UIInterfaceOrientationPortrait UIInterfaceOrientationPortraitUpsideDown UIInterfaceOrientationLandscapeLeft UIInterfaceOrientationLandscapeRight";
				INFOPLIST_KEY_UISupportedInterfaceOrientations_iPhone = "UIInterfaceOrientationPortrait UIInterfaceOrientationLandscapeLeft UIInterfaceOrientationLandscapeRight";
				LD_RUNPATH_SEARCH_PATHS = (
					"$(inherited)",
					"@executable_path/Frameworks",
				);
				MARKETING_VERSION = 1.0;
				PRODUCT_BUNDLE_IDENTIFIER = chemistryApp.Carousel;
				PRODUCT_NAME = "$(TARGET_NAME)";
				SWIFT_EMIT_LOC_STRINGS = YES;
				SWIFT_VERSION = 5.0;
				TARGETED_DEVICE_FAMILY = "1,2";
			};
			name = Release;
		};
/* End XCBuildConfiguration section */

/* Begin XCConfigurationList section */
		270402622BDC0682001877BA /* Build configuration list for PBXProject "Carousel" */ = {
			isa = XCConfigurationList;
			buildConfigurations = (
				270402732BDC0682001877BA /* Debug */,
				270402742BDC0682001877BA /* Release */,
			);
			defaultConfigurationIsVisible = 0;
			defaultConfigurationName = Release;
		};
		270402752BDC0682001877BA /* Build configuration list for PBXNativeTarget "Carousel" */ = {
			isa = XCConfigurationList;
			buildConfigurations = (
				270402762BDC0682001877BA /* Debug */,
				270402772BDC0682001877BA /* Release */,
			);
			defaultConfigurationIsVisible = 0;
			defaultConfigurationName = Release;
		};
/* End XCConfigurationList section */
	};
	rootObject = 2704025F2BDC0682001877BA /* Project object */;
}
